
Microsoft Visual Studio Solution File, Format Version 12.00
# Visual Studio Version 17
VisualStudioVersion = 17.7.34031.279
MinimumVisualStudioVersion = 10.0.40219.1
Project("{FAE04EC0-301F-11D3-BF4B-00C04F79EFBC}") = "InformationSecurityConference", "InformationSecurityConference.csproj", "{4E92A92F-B025-425C-BA3B-6954BE115DD1}"
EndProject
Global
	GlobalSection(SolutionConfigurationPlatforms) = preSolution
		Debug|Any CPU = Debug|Any CPU
		Release|Any CPU = Release|Any CPU
	EndGlobalSection
	GlobalSection(ProjectConfigurationPlatforms) = postSolution
		{4E92A92F-B025-425C-BA3B-6954BE115DD1}.Debug|Any CPU.ActiveCfg = Debug|Any CPU
		{4E92A92F-B025-425C-BA3B-6954BE115DD1}.Debug|Any CPU.Build.0 = Debug|Any CPU
		{4E92A92F-B025-425C-BA3B-6954BE115DD1}.Release|Any CPU.ActiveCfg = Release|Any CPU
		{4E92A92F-B025-425C-BA3B-6954BE115DD1}.Release|Any CPU.Build.0 = Release|Any CPU
	EndGlobalSection
	GlobalSection(SolutionProperties) = preSolution
		HideSolutionNode = FALSE
	EndGlobalSection
	GlobalSection(ExtensibilityGlobals) = postSolution
		SolutionGuid = {0C355AA6-FA33-4860-B785-54332DFD95B3}
	EndGlobalSection
EndGlobal
